
Microsoft Visual Studio Solution File, Format Version 12.00
# Visual Studio 14
VisualStudioVersion = 14.0.24720.0
MinimumVisualStudioVersion = 10.0.40219.1
Project("{FAE04EC0-301F-11D3-BF4B-00C04F79EFBC}") = "UserInterface", "UserInterface\UserInterface.csproj", "{0363413E-F606-461F-8AC7-B03AC9A7A9F2}"
EndProject
Project("{FAE04EC0-301F-11D3-BF4B-00C04F79EFBC}") = "ViewModel", "ViewModel\ViewModel.csproj", "{12C8083D-004D-4141-B6BE-C1BA9915B2DF}"
EndProject
Project("{FAE04EC0-301F-11D3-BF4B-00C04F79EFBC}") = "DatabaseLayer", "DatabaseLayer\DatabaseLayer.csproj", "{009CF4FD-F6B0-4639-89A9-5B699AFEF9D4}"
EndProject
Project("{FAE04EC0-301F-11D3-BF4B-00C04F79EFBC}") = "Validation", "Validation\Validation.csproj", "{DCFFB9FA-137E-4F7A-980B-359A16D61E2C}"
EndProject
Project("{FAE04EC0-301F-11D3-BF4B-00C04F79EFBC}") = "Interfaces", "Interfaces\Interfaces.csproj", "{B093B24B-71DA-420F-B7F2-B63BD23ACE2A}"
EndProject
Global
	GlobalSection(SolutionConfigurationPlatforms) = preSolution
		Debug|Any CPU = Debug|Any CPU
		Release|Any CPU = Release|Any CPU
	EndGlobalSection
	GlobalSection(ProjectConfigurationPlatforms) = postSolution
		{0363413E-F606-461F-8AC7-B03AC9A7A9F2}.Debug|Any CPU.ActiveCfg = Debug|Any CPU
		{0363413E-F606-461F-8AC7-B03AC9A7A9F2}.Debug|Any CPU.Build.0 = Debug|Any CPU
		{0363413E-F606-461F-8AC7-B03AC9A7A9F2}.Release|Any CPU.ActiveCfg = Release|Any CPU
		{0363413E-F606-461F-8AC7-B03AC9A7A9F2}.Release|Any CPU.Build.0 = Release|Any CPU
		{12C8083D-004D-4141-B6BE-C1BA9915B2DF}.Debug|Any CPU.ActiveCfg = Debug|Any CPU
		{12C8083D-004D-4141-B6BE-C1BA9915B2DF}.Debug|Any CPU.Build.0 = Debug|Any CPU
		{12C8083D-004D-4141-B6BE-C1BA9915B2DF}.Release|Any CPU.ActiveCfg = Release|Any CPU
		{12C8083D-004D-4141-B6BE-C1BA9915B2DF}.Release|Any CPU.Build.0 = Release|Any CPU
		{009CF4FD-F6B0-4639-89A9-5B699AFEF9D4}.Debug|Any CPU.ActiveCfg = Debug|Any CPU
		{009CF4FD-F6B0-4639-89A9-5B699AFEF9D4}.Debug|Any CPU.Build.0 = Debug|Any CPU
		{009CF4FD-F6B0-4639-89A9-5B699AFEF9D4}.Release|Any CPU.ActiveCfg = Release|Any CPU
		{009CF4FD-F6B0-4639-89A9-5B699AFEF9D4}.Release|Any CPU.Build.0 = Release|Any CPU
		{DCFFB9FA-137E-4F7A-980B-359A16D61E2C}.Debug|Any CPU.ActiveCfg = Debug|Any CPU
		{DCFFB9FA-137E-4F7A-980B-359A16D61E2C}.Debug|Any CPU.Build.0 = Debug|Any CPU
		{DCFFB9FA-137E-4F7A-980B-359A16D61E2C}.Release|Any CPU.ActiveCfg = Release|Any CPU
		{DCFFB9FA-137E-4F7A-980B-359A16D61E2C}.Release|Any CPU.Build.0 = Release|Any CPU
		{B093B24B-71DA-420F-B7F2-B63BD23ACE2A}.Debug|Any CPU.ActiveCfg = Debug|Any CPU
		{B093B24B-71DA-420F-B7F2-B63BD23ACE2A}.Debug|Any CPU.Build.0 = Debug|Any CPU
		{B093B24B-71DA-420F-B7F2-B63BD23ACE2A}.Release|Any CPU.ActiveCfg = Release|Any CPU
		{B093B24B-71DA-420F-B7F2-B63BD23ACE2A}.Release|Any CPU.Build.0 = Release|Any CPU
	EndGlobalSection
	GlobalSection(SolutionProperties) = preSolution
		HideSolutionNode = FALSE
	EndGlobalSection
EndGlobal
